// !$*UTF8*$!
{
	archiveVersion = 1;
	classes = {
	};
	objectVersion = 51;
	objects = {

/* Begin PBXBuildFile section */
		198615E39D0E3FDB4BAD4E7B /* Pods_RIBsTodo_RIBsTodoUITests.framework in Frameworks */ = {isa = PBXBuildFile; fileRef = 9BCE3BF4FD9D6275A843C1E5 /* Pods_RIBsTodo_RIBsTodoUITests.framework */; };
		34AD60D2565FE105EA2B130E /* Pods_RIBsTodo.framework in Frameworks */ = {isa = PBXBuildFile; fileRef = A88888F97D94BFBB5A528769 /* Pods_RIBsTodo.framework */; };
		8B33D4ED244BFC7D0050258B /* AppDelegate.swift in Sources */ = {isa = PBXBuildFile; fileRef = 8B33D4EC244BFC7D0050258B /* AppDelegate.swift */; };
		8B33D4F4244BFC800050258B /* Assets.xcassets in Resources */ = {isa = PBXBuildFile; fileRef = 8B33D4F3244BFC800050258B /* Assets.xcassets */; };
		8B33D4F7244BFC800050258B /* LaunchScreen.storyboard in Resources */ = {isa = PBXBuildFile; fileRef = 8B33D4F5244BFC800050258B /* LaunchScreen.storyboard */; };
		8B33D502244BFC800050258B /* RIBsTodoTests.swift in Sources */ = {isa = PBXBuildFile; fileRef = 8B33D501244BFC800050258B /* RIBsTodoTests.swift */; };
		8B33D50D244BFC800050258B /* RIBsTodoUITests.swift in Sources */ = {isa = PBXBuildFile; fileRef = 8B33D50C244BFC800050258B /* RIBsTodoUITests.swift */; };
		8B62F43A245ECA1F00F45DBB /* TaskRepository.swift in Sources */ = {isa = PBXBuildFile; fileRef = 8B62F439245ECA1F00F45DBB /* TaskRepository.swift */; };
		8B62F43F245EF51400F45DBB /* RMTaskList.swift in Sources */ = {isa = PBXBuildFile; fileRef = 8B62F43E245EF51400F45DBB /* RMTaskList.swift */; };
		8B62F445245EFB2200F45DBB /* TaskEditingRouter.swift in Sources */ = {isa = PBXBuildFile; fileRef = 8B62F441245EFB2200F45DBB /* TaskEditingRouter.swift */; };
		8B62F446245EFB2200F45DBB /* TaskEditingViewController.swift in Sources */ = {isa = PBXBuildFile; fileRef = 8B62F442245EFB2200F45DBB /* TaskEditingViewController.swift */; };
		8B62F447245EFB2200F45DBB /* TaskEditingBuilder.swift in Sources */ = {isa = PBXBuildFile; fileRef = 8B62F443245EFB2200F45DBB /* TaskEditingBuilder.swift */; };
		8B62F448245EFB2200F45DBB /* TaskEditingInteractor.swift in Sources */ = {isa = PBXBuildFile; fileRef = 8B62F444245EFB2200F45DBB /* TaskEditingInteractor.swift */; };
		8B62F44A245EFD7900F45DBB /* AlertService.swift in Sources */ = {isa = PBXBuildFile; fileRef = 8B62F449245EFD7900F45DBB /* AlertService.swift */; };
		8B62F44C245F12AB00F45DBB /* TasksComponent+TaskEditing.swift in Sources */ = {isa = PBXBuildFile; fileRef = 8B62F44B245F12AB00F45DBB /* TasksComponent+TaskEditing.swift */; };
		8B62F44F245F157300F45DBB /* ReplaceModalable.swift in Sources */ = {isa = PBXBuildFile; fileRef = 8B62F44E245F157300F45DBB /* ReplaceModalable.swift */; };
		8B62F451245F168200F45DBB /* UINavigationController+ViewControllable.swift in Sources */ = {isa = PBXBuildFile; fileRef = 8B62F450245F168200F45DBB /* UINavigationController+ViewControllable.swift */; };
		8B62F453245F186C00F45DBB /* ViewControllable+Extension.swift in Sources */ = {isa = PBXBuildFile; fileRef = 8B62F452245F186C00F45DBB /* ViewControllable+Extension.swift */; };
		8B62F455245F228D00F45DBB /* Operators.swift in Sources */ = {isa = PBXBuildFile; fileRef = 8B62F454245F228D00F45DBB /* Operators.swift */; };
		8BD5103E244C05830013BE9D /* TasksRouter.swift in Sources */ = {isa = PBXBuildFile; fileRef = 8BD5103A244C05830013BE9D /* TasksRouter.swift */; };
		8BD5103F244C05830013BE9D /* TasksViewController.swift in Sources */ = {isa = PBXBuildFile; fileRef = 8BD5103B244C05830013BE9D /* TasksViewController.swift */; };
		8BD51040244C05830013BE9D /* TasksBuilder.swift in Sources */ = {isa = PBXBuildFile; fileRef = 8BD5103C244C05830013BE9D /* TasksBuilder.swift */; };
		8BD51041244C05830013BE9D /* TasksInteractor.swift in Sources */ = {isa = PBXBuildFile; fileRef = 8BD5103D244C05830013BE9D /* TasksInteractor.swift */; };
		8BD5104A244C08470013BE9D /* AppComponent.swift in Sources */ = {isa = PBXBuildFile; fileRef = 8BD51049244C08470013BE9D /* AppComponent.swift */; };
		8BD5104C244C09940013BE9D /* RootComponent+Tasks.swift in Sources */ = {isa = PBXBuildFile; fileRef = 8BD5104B244C09940013BE9D /* RootComponent+Tasks.swift */; };
		8BD51051244C0A040013BE9D /* RootRouter.swift in Sources */ = {isa = PBXBuildFile; fileRef = 8BD5104D244C0A040013BE9D /* RootRouter.swift */; };
		8BD51052244C0A040013BE9D /* RootViewController.swift in Sources */ = {isa = PBXBuildFile; fileRef = 8BD5104E244C0A040013BE9D /* RootViewController.swift */; };
		8BD51053244C0A040013BE9D /* RootBuilder.swift in Sources */ = {isa = PBXBuildFile; fileRef = 8BD5104F244C0A040013BE9D /* RootBuilder.swift */; };
		8BD51054244C0A040013BE9D /* RootInteractor.swift in Sources */ = {isa = PBXBuildFile; fileRef = 8BD51050244C0A040013BE9D /* RootInteractor.swift */; };
		8BD51057244C0DF70013BE9D /* Extensions.swift in Sources */ = {isa = PBXBuildFile; fileRef = 8BD51056244C0DF70013BE9D /* Extensions.swift */; };
		8BD5105B244C12210013BE9D /* RMTask.swift in Sources */ = {isa = PBXBuildFile; fileRef = 8BD5105A244C12210013BE9D /* RMTask.swift */; };
		8BD5105D244C12290013BE9D /* Task.swift in Sources */ = {isa = PBXBuildFile; fileRef = 8BD5105C244C12290013BE9D /* Task.swift */; };
		8BD51060244C17730013BE9D /* TaskService.swift in Sources */ = {isa = PBXBuildFile; fileRef = 8BD5105F244C17730013BE9D /* TaskService.swift */; };
		8BD51063244C1E080013BE9D /* TaskServiceSpec.swift in Sources */ = {isa = PBXBuildFile; fileRef = 8BD51062244C1E080013BE9D /* TaskServiceSpec.swift */; };
		8BD51067244C1EC10013BE9D /* TaskServiceStub.swift in Sources */ = {isa = PBXBuildFile; fileRef = 8BD51066244C1EC10013BE9D /* TaskServiceStub.swift */; };
		8BD5106A244C20DF0013BE9D /* TaskCell.swift in Sources */ = {isa = PBXBuildFile; fileRef = 8BD51069244C20DF0013BE9D /* TaskCell.swift */; };
		8BD5106D244C21020013BE9D /* BaseTableCell.swift in Sources */ = {isa = PBXBuildFile; fileRef = 8BD5106C244C21020013BE9D /* BaseTableCell.swift */; };
		8BD5106F244C21B20013BE9D /* TaskCellReactor.swift in Sources */ = {isa = PBXBuildFile; fileRef = 8BD5106E244C21B20013BE9D /* TaskCellReactor.swift */; };
		8BD51072244C26230013BE9D /* TasksViewSection.swift in Sources */ = {isa = PBXBuildFile; fileRef = 8BD51071244C26230013BE9D /* TasksViewSection.swift */; };
		8BD51074244C2E7A0013BE9D /* BaseViewController.swift in Sources */ = {isa = PBXBuildFile; fileRef = 8BD51073244C2E7A0013BE9D /* BaseViewController.swift */; };
		F97ED1933B5B85494E27565A /* Pods_RIBsTodoTests.framework in Frameworks */ = {isa = PBXBuildFile; fileRef = BD0503AF44A4E1B7FD2118CB /* Pods_RIBsTodoTests.framework */; };
/* End PBXBuildFile section */

/* Begin PBXContainerItemProxy section */
		8B33D4FE244BFC800050258B /* PBXContainerItemProxy */ = {
			isa = PBXContainerItemProxy;
			containerPortal = 8B33D4E1244BFC7D0050258B /* Project object */;
			proxyType = 1;
			remoteGlobalIDString = 8B33D4E8244BFC7D0050258B;
			remoteInfo = RIBsTodo;
		};
		8B33D509244BFC800050258B /* PBXContainerItemProxy */ = {
			isa = PBXContainerItemProxy;
			containerPortal = 8B33D4E1244BFC7D0050258B /* Project object */;
			proxyType = 1;
			remoteGlobalIDString = 8B33D4E8244BFC7D0050258B;
			remoteInfo = RIBsTodo;
		};
/* End PBXContainerItemProxy section */

/* Begin PBXFileReference section */
		0B4427BD5BC32C3386BFE043 /* Pods-RIBsTodoTests.release.xcconfig */ = {isa = PBXFileReference; includeInIndex = 1; lastKnownFileType = text.xcconfig; name = "Pods-RIBsTodoTests.release.xcconfig"; path = "Target Support Files/Pods-RIBsTodoTests/Pods-RIBsTodoTests.release.xcconfig"; sourceTree = "<group>"; };
		4BA4820409888D30D53E7423 /* Pods-RIBsTodo.debug.xcconfig */ = {isa = PBXFileReference; includeInIndex = 1; lastKnownFileType = text.xcconfig; name = "Pods-RIBsTodo.debug.xcconfig"; path = "Target Support Files/Pods-RIBsTodo/Pods-RIBsTodo.debug.xcconfig"; sourceTree = "<group>"; };
		88A9121493DCE02FD83B50E6 /* Pods-RIBsTodo.release.xcconfig */ = {isa = PBXFileReference; includeInIndex = 1; lastKnownFileType = text.xcconfig; name = "Pods-RIBsTodo.release.xcconfig"; path = "Target Support Files/Pods-RIBsTodo/Pods-RIBsTodo.release.xcconfig"; sourceTree = "<group>"; };
		8B33D4E9244BFC7D0050258B /* RIBsTodo.app */ = {isa = PBXFileReference; explicitFileType = wrapper.application; includeInIndex = 0; path = RIBsTodo.app; sourceTree = BUILT_PRODUCTS_DIR; };
		8B33D4EC244BFC7D0050258B /* AppDelegate.swift */ = {isa = PBXFileReference; lastKnownFileType = sourcecode.swift; path = AppDelegate.swift; sourceTree = "<group>"; };
		8B33D4F3244BFC800050258B /* Assets.xcassets */ = {isa = PBXFileReference; lastKnownFileType = folder.assetcatalog; path = Assets.xcassets; sourceTree = "<group>"; };
		8B33D4F6244BFC800050258B /* Base */ = {isa = PBXFileReference; lastKnownFileType = file.storyboard; name = Base; path = Base.lproj/LaunchScreen.storyboard; sourceTree = "<group>"; };
		8B33D4F8244BFC800050258B /* Info.plist */ = {isa = PBXFileReference; lastKnownFileType = text.plist.xml; path = Info.plist; sourceTree = "<group>"; };
		8B33D4FD244BFC800050258B /* RIBsTodoTests.xctest */ = {isa = PBXFileReference; explicitFileType = wrapper.cfbundle; includeInIndex = 0; path = RIBsTodoTests.xctest; sourceTree = BUILT_PRODUCTS_DIR; };
		8B33D501244BFC800050258B /* RIBsTodoTests.swift */ = {isa = PBXFileReference; lastKnownFileType = sourcecode.swift; path = RIBsTodoTests.swift; sourceTree = "<group>"; };
		8B33D503244BFC800050258B /* Info.plist */ = {isa = PBXFileReference; lastKnownFileType = text.plist.xml; path = Info.plist; sourceTree = "<group>"; };
		8B33D508244BFC800050258B /* RIBsTodoUITests.xctest */ = {isa = PBXFileReference; explicitFileType = wrapper.cfbundle; includeInIndex = 0; path = RIBsTodoUITests.xctest; sourceTree = BUILT_PRODUCTS_DIR; };
		8B33D50C244BFC800050258B /* RIBsTodoUITests.swift */ = {isa = PBXFileReference; lastKnownFileType = sourcecode.swift; path = RIBsTodoUITests.swift; sourceTree = "<group>"; };
		8B33D50E244BFC800050258B /* Info.plist */ = {isa = PBXFileReference; lastKnownFileType = text.plist.xml; path = Info.plist; sourceTree = "<group>"; };
		8B62F439245ECA1F00F45DBB /* TaskRepository.swift */ = {isa = PBXFileReference; lastKnownFileType = sourcecode.swift; path = TaskRepository.swift; sourceTree = "<group>"; };
		8B62F43E245EF51400F45DBB /* RMTaskList.swift */ = {isa = PBXFileReference; lastKnownFileType = sourcecode.swift; path = RMTaskList.swift; sourceTree = "<group>"; };
		8B62F441245EFB2200F45DBB /* TaskEditingRouter.swift */ = {isa = PBXFileReference; lastKnownFileType = sourcecode.swift; path = TaskEditingRouter.swift; sourceTree = "<group>"; };
		8B62F442245EFB2200F45DBB /* TaskEditingViewController.swift */ = {isa = PBXFileReference; lastKnownFileType = sourcecode.swift; path = TaskEditingViewController.swift; sourceTree = "<group>"; };
		8B62F443245EFB2200F45DBB /* TaskEditingBuilder.swift */ = {isa = PBXFileReference; lastKnownFileType = sourcecode.swift; path = TaskEditingBuilder.swift; sourceTree = "<group>"; };
		8B62F444245EFB2200F45DBB /* TaskEditingInteractor.swift */ = {isa = PBXFileReference; lastKnownFileType = sourcecode.swift; path = TaskEditingInteractor.swift; sourceTree = "<group>"; };
		8B62F449245EFD7900F45DBB /* AlertService.swift */ = {isa = PBXFileReference; lastKnownFileType = sourcecode.swift; path = AlertService.swift; sourceTree = "<group>"; };
		8B62F44B245F12AB00F45DBB /* TasksComponent+TaskEditing.swift */ = {isa = PBXFileReference; lastKnownFileType = sourcecode.swift; path = "TasksComponent+TaskEditing.swift"; sourceTree = "<group>"; };
		8B62F44E245F157300F45DBB /* ReplaceModalable.swift */ = {isa = PBXFileReference; lastKnownFileType = sourcecode.swift; path = ReplaceModalable.swift; sourceTree = "<group>"; };
		8B62F450245F168200F45DBB /* UINavigationController+ViewControllable.swift */ = {isa = PBXFileReference; lastKnownFileType = sourcecode.swift; path = "UINavigationController+ViewControllable.swift"; sourceTree = "<group>"; };
		8B62F452245F186C00F45DBB /* ViewControllable+Extension.swift */ = {isa = PBXFileReference; lastKnownFileType = sourcecode.swift; path = "ViewControllable+Extension.swift"; sourceTree = "<group>"; };
		8B62F454245F228D00F45DBB /* Operators.swift */ = {isa = PBXFileReference; lastKnownFileType = sourcecode.swift; path = Operators.swift; sourceTree = "<group>"; };
		8BD5103A244C05830013BE9D /* TasksRouter.swift */ = {isa = PBXFileReference; lastKnownFileType = sourcecode.swift; path = TasksRouter.swift; sourceTree = "<group>"; };
		8BD5103B244C05830013BE9D /* TasksViewController.swift */ = {isa = PBXFileReference; lastKnownFileType = sourcecode.swift; path = TasksViewController.swift; sourceTree = "<group>"; };
		8BD5103C244C05830013BE9D /* TasksBuilder.swift */ = {isa = PBXFileReference; lastKnownFileType = sourcecode.swift; path = TasksBuilder.swift; sourceTree = "<group>"; };
		8BD5103D244C05830013BE9D /* TasksInteractor.swift */ = {isa = PBXFileReference; lastKnownFileType = sourcecode.swift; path = TasksInteractor.swift; sourceTree = "<group>"; };
		8BD51049244C08470013BE9D /* AppComponent.swift */ = {isa = PBXFileReference; lastKnownFileType = sourcecode.swift; path = AppComponent.swift; sourceTree = "<group>"; };
		8BD5104B244C09940013BE9D /* RootComponent+Tasks.swift */ = {isa = PBXFileReference; lastKnownFileType = sourcecode.swift; path = "RootComponent+Tasks.swift"; sourceTree = "<group>"; };
		8BD5104D244C0A040013BE9D /* RootRouter.swift */ = {isa = PBXFileReference; lastKnownFileType = sourcecode.swift; path = RootRouter.swift; sourceTree = "<group>"; };
		8BD5104E244C0A040013BE9D /* RootViewController.swift */ = {isa = PBXFileReference; lastKnownFileType = sourcecode.swift; path = RootViewController.swift; sourceTree = "<group>"; };
		8BD5104F244C0A040013BE9D /* RootBuilder.swift */ = {isa = PBXFileReference; lastKnownFileType = sourcecode.swift; path = RootBuilder.swift; sourceTree = "<group>"; };
		8BD51050244C0A040013BE9D /* RootInteractor.swift */ = {isa = PBXFileReference; lastKnownFileType = sourcecode.swift; path = RootInteractor.swift; sourceTree = "<group>"; };
		8BD51056244C0DF70013BE9D /* Extensions.swift */ = {isa = PBXFileReference; lastKnownFileType = sourcecode.swift; path = Extensions.swift; sourceTree = "<group>"; };
		8BD5105A244C12210013BE9D /* RMTask.swift */ = {isa = PBXFileReference; lastKnownFileType = sourcecode.swift; path = RMTask.swift; sourceTree = "<group>"; };
		8BD5105C244C12290013BE9D /* Task.swift */ = {isa = PBXFileReference; lastKnownFileType = sourcecode.swift; path = Task.swift; sourceTree = "<group>"; };
		8BD5105F244C17730013BE9D /* TaskService.swift */ = {isa = PBXFileReference; lastKnownFileType = sourcecode.swift; path = TaskService.swift; sourceTree = "<group>"; };
		8BD51062244C1E080013BE9D /* TaskServiceSpec.swift */ = {isa = PBXFileReference; lastKnownFileType = sourcecode.swift; path = TaskServiceSpec.swift; sourceTree = "<group>"; };
		8BD51066244C1EC10013BE9D /* TaskServiceStub.swift */ = {isa = PBXFileReference; lastKnownFileType = sourcecode.swift; path = TaskServiceStub.swift; sourceTree = "<group>"; };
		8BD51069244C20DF0013BE9D /* TaskCell.swift */ = {isa = PBXFileReference; lastKnownFileType = sourcecode.swift; path = TaskCell.swift; sourceTree = "<group>"; };
		8BD5106C244C21020013BE9D /* BaseTableCell.swift */ = {isa = PBXFileReference; lastKnownFileType = sourcecode.swift; path = BaseTableCell.swift; sourceTree = "<group>"; };
		8BD5106E244C21B20013BE9D /* TaskCellReactor.swift */ = {isa = PBXFileReference; lastKnownFileType = sourcecode.swift; path = TaskCellReactor.swift; sourceTree = "<group>"; };
		8BD51071244C26230013BE9D /* TasksViewSection.swift */ = {isa = PBXFileReference; lastKnownFileType = sourcecode.swift; path = TasksViewSection.swift; sourceTree = "<group>"; };
		8BD51073244C2E7A0013BE9D /* BaseViewController.swift */ = {isa = PBXFileReference; lastKnownFileType = sourcecode.swift; path = BaseViewController.swift; sourceTree = "<group>"; };
		90297E37C615AE5EAEAB5493 /* Pods-RIBsTodoTests.debug.xcconfig */ = {isa = PBXFileReference; includeInIndex = 1; lastKnownFileType = text.xcconfig; name = "Pods-RIBsTodoTests.debug.xcconfig"; path = "Target Support Files/Pods-RIBsTodoTests/Pods-RIBsTodoTests.debug.xcconfig"; sourceTree = "<group>"; };
		9809A308AF162A75A02FAAF9 /* Pods-RIBsTodo-RIBsTodoUITests.debug.xcconfig */ = {isa = PBXFileReference; includeInIndex = 1; lastKnownFileType = text.xcconfig; name = "Pods-RIBsTodo-RIBsTodoUITests.debug.xcconfig"; path = "Target Support Files/Pods-RIBsTodo-RIBsTodoUITests/Pods-RIBsTodo-RIBsTodoUITests.debug.xcconfig"; sourceTree = "<group>"; };
		9BCE3BF4FD9D6275A843C1E5 /* Pods_RIBsTodo_RIBsTodoUITests.framework */ = {isa = PBXFileReference; explicitFileType = wrapper.framework; includeInIndex = 0; path = Pods_RIBsTodo_RIBsTodoUITests.framework; sourceTree = BUILT_PRODUCTS_DIR; };
		A88888F97D94BFBB5A528769 /* Pods_RIBsTodo.framework */ = {isa = PBXFileReference; explicitFileType = wrapper.framework; includeInIndex = 0; path = Pods_RIBsTodo.framework; sourceTree = BUILT_PRODUCTS_DIR; };
		BD0503AF44A4E1B7FD2118CB /* Pods_RIBsTodoTests.framework */ = {isa = PBXFileReference; explicitFileType = wrapper.framework; includeInIndex = 0; path = Pods_RIBsTodoTests.framework; sourceTree = BUILT_PRODUCTS_DIR; };
		F771477361B6055A0A336DBC /* Pods-RIBsTodo-RIBsTodoUITests.release.xcconfig */ = {isa = PBXFileReference; includeInIndex = 1; lastKnownFileType = text.xcconfig; name = "Pods-RIBsTodo-RIBsTodoUITests.release.xcconfig"; path = "Target Support Files/Pods-RIBsTodo-RIBsTodoUITests/Pods-RIBsTodo-RIBsTodoUITests.release.xcconfig"; sourceTree = "<group>"; };
/* End PBXFileReference section */

/* Begin PBXFrameworksBuildPhase section */
		8B33D4E6244BFC7D0050258B /* Frameworks */ = {
			isa = PBXFrameworksBuildPhase;
			buildActionMask = 2147483647;
			files = (
				34AD60D2565FE105EA2B130E /* Pods_RIBsTodo.framework in Frameworks */,
			);
			runOnlyForDeploymentPostprocessing = 0;
		};
		8B33D4FA244BFC800050258B /* Frameworks */ = {
			isa = PBXFrameworksBuildPhase;
			buildActionMask = 2147483647;
			files = (
				F97ED1933B5B85494E27565A /* Pods_RIBsTodoTests.framework in Frameworks */,
			);
			runOnlyForDeploymentPostprocessing = 0;
		};
		8B33D505244BFC800050258B /* Frameworks */ = {
			isa = PBXFrameworksBuildPhase;
			buildActionMask = 2147483647;
			files = (
				198615E39D0E3FDB4BAD4E7B /* Pods_RIBsTodo_RIBsTodoUITests.framework in Frameworks */,
			);
			runOnlyForDeploymentPostprocessing = 0;
		};
/* End PBXFrameworksBuildPhase section */

/* Begin PBXGroup section */
		8B33D4E0244BFC7D0050258B = {
			isa = PBXGroup;
			children = (
				8B33D4EB244BFC7D0050258B /* RIBsTodo */,
				8B33D500244BFC800050258B /* RIBsTodoTests */,
				8B33D50B244BFC800050258B /* RIBsTodoUITests */,
				8B33D4EA244BFC7D0050258B /* Products */,
				FACA6C4B5118CB685C0A9B65 /* Pods */,
				A3EB84E9EF403F8C844D2E31 /* Frameworks */,
			);
			sourceTree = "<group>";
		};
		8B33D4EA244BFC7D0050258B /* Products */ = {
			isa = PBXGroup;
			children = (
				8B33D4E9244BFC7D0050258B /* RIBsTodo.app */,
				8B33D4FD244BFC800050258B /* RIBsTodoTests.xctest */,
				8B33D508244BFC800050258B /* RIBsTodoUITests.xctest */,
			);
			name = Products;
			sourceTree = "<group>";
		};
		8B33D4EB244BFC7D0050258B /* RIBsTodo */ = {
			isa = PBXGroup;
			children = (
				8B33D51B244BFCE50050258B /* Sources */,
				8B33D51A244BFCE00050258B /* Resources */,
			);
			path = RIBsTodo;
			sourceTree = "<group>";
		};
		8B33D500244BFC800050258B /* RIBsTodoTests */ = {
			isa = PBXGroup;
			children = (
				8BD51064244C1E650013BE9D /* Sources */,
				8B33D501244BFC800050258B /* RIBsTodoTests.swift */,
				8B33D503244BFC800050258B /* Info.plist */,
			);
			path = RIBsTodoTests;
			sourceTree = "<group>";
		};
		8B33D50B244BFC800050258B /* RIBsTodoUITests */ = {
			isa = PBXGroup;
			children = (
				8B33D50C244BFC800050258B /* RIBsTodoUITests.swift */,
				8B33D50E244BFC800050258B /* Info.plist */,
			);
			path = RIBsTodoUITests;
			sourceTree = "<group>";
		};
		8B33D51A244BFCE00050258B /* Resources */ = {
			isa = PBXGroup;
			children = (
				8B33D4F5244BFC800050258B /* LaunchScreen.storyboard */,
				8B33D4F8244BFC800050258B /* Info.plist */,
				8B33D4F3244BFC800050258B /* Assets.xcassets */,
			);
			path = Resources;
			sourceTree = "<group>";
		};
		8B33D51B244BFCE50050258B /* Sources */ = {
			isa = PBXGroup;
			children = (
				8BD51070244C21BE0013BE9D /* Utils */,
				8BD5106B244C20F80013BE9D /* Components */,
				8B62F43B245ECFF300F45DBB /* Repository */,
				8BD5105E244C15780013BE9D /* Services */,
				8B33D51C244BFCEB0050258B /* Entry */,
				8BD51058244C120B0013BE9D /* Models */,
				8BD51038244C04EF0013BE9D /* RIBs */,
			);
			path = Sources;
			sourceTree = "<group>";
		};
		8B33D51C244BFCEB0050258B /* Entry */ = {
			isa = PBXGroup;
			children = (
				8B33D4EC244BFC7D0050258B /* AppDelegate.swift */,
				8BD51049244C08470013BE9D /* AppComponent.swift */,
				8BD51056244C0DF70013BE9D /* Extensions.swift */,
			);
			path = Entry;
			sourceTree = "<group>";
		};
		8B62F43B245ECFF300F45DBB /* Repository */ = {
			isa = PBXGroup;
			children = (
				8B62F439245ECA1F00F45DBB /* TaskRepository.swift */,
			);
			path = Repository;
			sourceTree = "<group>";
		};
		8B62F440245EFAF100F45DBB /* TaskEditing */ = {
			isa = PBXGroup;
			children = (
				8B62F441245EFB2200F45DBB /* TaskEditingRouter.swift */,
				8B62F444245EFB2200F45DBB /* TaskEditingInteractor.swift */,
				8B62F442245EFB2200F45DBB /* TaskEditingViewController.swift */,
				8B62F443245EFB2200F45DBB /* TaskEditingBuilder.swift */,
			);
			path = TaskEditing;
			sourceTree = "<group>";
		};
		8BD51038244C04EF0013BE9D /* RIBs */ = {
			isa = PBXGroup;
			children = (
				8BD51042244C058B0013BE9D /* Root */,
				8BD51039244C04F60013BE9D /* Tasks */,
				8B62F440245EFAF100F45DBB /* TaskEditing */,
			);
			path = RIBs;
			sourceTree = "<group>";
		};
		8BD51039244C04F60013BE9D /* Tasks */ = {
			isa = PBXGroup;
			children = (
				8BD51068244C20D40013BE9D /* Components */,
				8BD5103A244C05830013BE9D /* TasksRouter.swift */,
				8BD5103D244C05830013BE9D /* TasksInteractor.swift */,
				8BD5103B244C05830013BE9D /* TasksViewController.swift */,
				8BD5103C244C05830013BE9D /* TasksBuilder.swift */,
				8BD51071244C26230013BE9D /* TasksViewSection.swift */,
				8B62F44B245F12AB00F45DBB /* TasksComponent+TaskEditing.swift */,
			);
			path = Tasks;
			sourceTree = "<group>";
		};
		8BD51042244C058B0013BE9D /* Root */ = {
			isa = PBXGroup;
			children = (
				8BD5104D244C0A040013BE9D /* RootRouter.swift */,
				8BD51050244C0A040013BE9D /* RootInteractor.swift */,
				8BD5104E244C0A040013BE9D /* RootViewController.swift */,
				8BD5104F244C0A040013BE9D /* RootBuilder.swift */,
				8BD5104B244C09940013BE9D /* RootComponent+Tasks.swift */,
			);
			path = Root;
			sourceTree = "<group>";
		};
		8BD51058244C120B0013BE9D /* Models */ = {
			isa = PBXGroup;
			children = (
				8BD5105C244C12290013BE9D /* Task.swift */,
				8BD51059244C12190013BE9D /* Realm */,
			);
			path = Models;
			sourceTree = "<group>";
		};
		8BD51059244C12190013BE9D /* Realm */ = {
			isa = PBXGroup;
			children = (
				8BD5105A244C12210013BE9D /* RMTask.swift */,
				8B62F43E245EF51400F45DBB /* RMTaskList.swift */,
			);
			path = Realm;
			sourceTree = "<group>";
		};
		8BD5105E244C15780013BE9D /* Services */ = {
			isa = PBXGroup;
			children = (
				8BD5105F244C17730013BE9D /* TaskService.swift */,
				8B62F449245EFD7900F45DBB /* AlertService.swift */,
			);
			path = Services;
			sourceTree = "<group>";
		};
		8BD51061244C1DFC0013BE9D /* Services */ = {
			isa = PBXGroup;
			children = (
				8BD51066244C1EC10013BE9D /* TaskServiceStub.swift */,
				8BD51062244C1E080013BE9D /* TaskServiceSpec.swift */,
			);
			path = Services;
			sourceTree = "<group>";
		};
		8BD51064244C1E650013BE9D /* Sources */ = {
			isa = PBXGroup;
			children = (
				8BD51061244C1DFC0013BE9D /* Services */,
			);
			path = Sources;
			sourceTree = "<group>";
		};
		8BD51068244C20D40013BE9D /* Components */ = {
			isa = PBXGroup;
			children = (
				8BD51069244C20DF0013BE9D /* TaskCell.swift */,
				8BD5106E244C21B20013BE9D /* TaskCellReactor.swift */,
			);
			path = Components;
			sourceTree = "<group>";
		};
		8BD5106B244C20F80013BE9D /* Components */ = {
			isa = PBXGroup;
			children = (
				8BD5106C244C21020013BE9D /* BaseTableCell.swift */,
				8BD51073244C2E7A0013BE9D /* BaseViewController.swift */,
			);
			path = Components;
			sourceTree = "<group>";
		};
		8BD51070244C21BE0013BE9D /* Utils */ = {
			isa = PBXGroup;
			children = (
				8B62F44E245F157300F45DBB /* ReplaceModalable.swift */,
				8B62F450245F168200F45DBB /* UINavigationController+ViewControllable.swift */,
				8B62F452245F186C00F45DBB /* ViewControllable+Extension.swift */,
				8B62F454245F228D00F45DBB /* Operators.swift */,
			);
			path = Utils;
			sourceTree = "<group>";
		};
		A3EB84E9EF403F8C844D2E31 /* Frameworks */ = {
			isa = PBXGroup;
			children = (
				A88888F97D94BFBB5A528769 /* Pods_RIBsTodo.framework */,
				9BCE3BF4FD9D6275A843C1E5 /* Pods_RIBsTodo_RIBsTodoUITests.framework */,
				BD0503AF44A4E1B7FD2118CB /* Pods_RIBsTodoTests.framework */,
			);
			name = Frameworks;
			sourceTree = "<group>";
		};
		FACA6C4B5118CB685C0A9B65 /* Pods */ = {
			isa = PBXGroup;
			children = (
				4BA4820409888D30D53E7423 /* Pods-RIBsTodo.debug.xcconfig */,
				88A9121493DCE02FD83B50E6 /* Pods-RIBsTodo.release.xcconfig */,
				9809A308AF162A75A02FAAF9 /* Pods-RIBsTodo-RIBsTodoUITests.debug.xcconfig */,
				F771477361B6055A0A336DBC /* Pods-RIBsTodo-RIBsTodoUITests.release.xcconfig */,
				90297E37C615AE5EAEAB5493 /* Pods-RIBsTodoTests.debug.xcconfig */,
				0B4427BD5BC32C3386BFE043 /* Pods-RIBsTodoTests.release.xcconfig */,
			);
			path = Pods;
			sourceTree = "<group>";
		};
/* End PBXGroup section */

/* Begin PBXNativeTarget section */
		8B33D4E8244BFC7D0050258B /* RIBsTodo */ = {
			isa = PBXNativeTarget;
			buildConfigurationList = 8B33D511244BFC800050258B /* Build configuration list for PBXNativeTarget "RIBsTodo" */;
			buildPhases = (
				159B0562E2FE75BE2DB3711A /* [CP] Check Pods Manifest.lock */,
				8B33D4E5244BFC7D0050258B /* Sources */,
				8B33D4E6244BFC7D0050258B /* Frameworks */,
				8B33D4E7244BFC7D0050258B /* Resources */,
				43A285FA81632F0E8AB41D18 /* [CP] Embed Pods Frameworks */,
			);
			buildRules = (
			);
			dependencies = (
			);
			name = RIBsTodo;
			productName = RIBsTodo;
			productReference = 8B33D4E9244BFC7D0050258B /* RIBsTodo.app */;
			productType = "com.apple.product-type.application";
		};
		8B33D4FC244BFC800050258B /* RIBsTodoTests */ = {
			isa = PBXNativeTarget;
			buildConfigurationList = 8B33D514244BFC800050258B /* Build configuration list for PBXNativeTarget "RIBsTodoTests" */;
			buildPhases = (
				A5B2102BD6D56689CED721DC /* [CP] Check Pods Manifest.lock */,
				8B33D4F9244BFC800050258B /* Sources */,
				8B33D4FA244BFC800050258B /* Frameworks */,
				8B33D4FB244BFC800050258B /* Resources */,
				AB7947D8F7D6E6A62FD88B67 /* [CP] Embed Pods Frameworks */,
			);
			buildRules = (
			);
			dependencies = (
				8B33D4FF244BFC800050258B /* PBXTargetDependency */,
			);
			name = RIBsTodoTests;
			productName = RIBsTodoTests;
			productReference = 8B33D4FD244BFC800050258B /* RIBsTodoTests.xctest */;
			productType = "com.apple.product-type.bundle.unit-test";
		};
		8B33D507244BFC800050258B /* RIBsTodoUITests */ = {
			isa = PBXNativeTarget;
			buildConfigurationList = 8B33D517244BFC800050258B /* Build configuration list for PBXNativeTarget "RIBsTodoUITests" */;
			buildPhases = (
				D80D1FF955B4CA47F316F2BC /* [CP] Check Pods Manifest.lock */,
				8B33D504244BFC800050258B /* Sources */,
				8B33D505244BFC800050258B /* Frameworks */,
				8B33D506244BFC800050258B /* Resources */,
				0BDB4B75A2A65D6C994A76AB /* [CP] Embed Pods Frameworks */,
			);
			buildRules = (
			);
			dependencies = (
				8B33D50A244BFC800050258B /* PBXTargetDependency */,
			);
			name = RIBsTodoUITests;
			productName = RIBsTodoUITests;
			productReference = 8B33D508244BFC800050258B /* RIBsTodoUITests.xctest */;
			productType = "com.apple.product-type.bundle.ui-testing";
		};
/* End PBXNativeTarget section */

/* Begin PBXProject section */
		8B33D4E1244BFC7D0050258B /* Project object */ = {
			isa = PBXProject;
			attributes = {
				LastSwiftUpdateCheck = 1020;
				LastUpgradeCheck = 1020;
				ORGANIZATIONNAME = myunggison;
				TargetAttributes = {
					8B33D4E8244BFC7D0050258B = {
						CreatedOnToolsVersion = 10.2;
					};
					8B33D4FC244BFC800050258B = {
						CreatedOnToolsVersion = 10.2;
						TestTargetID = 8B33D4E8244BFC7D0050258B;
					};
					8B33D507244BFC800050258B = {
						CreatedOnToolsVersion = 10.2;
						TestTargetID = 8B33D4E8244BFC7D0050258B;
					};
				};
			};
			buildConfigurationList = 8B33D4E4244BFC7D0050258B /* Build configuration list for PBXProject "RIBsTodo" */;
			compatibilityVersion = "Xcode 9.3";
			developmentRegion = en;
			hasScannedForEncodings = 0;
			knownRegions = (
				en,
				Base,
			);
			mainGroup = 8B33D4E0244BFC7D0050258B;
			productRefGroup = 8B33D4EA244BFC7D0050258B /* Products */;
			projectDirPath = "";
			projectRoot = "";
			targets = (
				8B33D4E8244BFC7D0050258B /* RIBsTodo */,
				8B33D4FC244BFC800050258B /* RIBsTodoTests */,
				8B33D507244BFC800050258B /* RIBsTodoUITests */,
			);
		};
/* End PBXProject section */

/* Begin PBXResourcesBuildPhase section */
		8B33D4E7244BFC7D0050258B /* Resources */ = {
			isa = PBXResourcesBuildPhase;
			buildActionMask = 2147483647;
			files = (
				8B33D4F7244BFC800050258B /* LaunchScreen.storyboard in Resources */,
				8B33D4F4244BFC800050258B /* Assets.xcassets in Resources */,
			);
			runOnlyForDeploymentPostprocessing = 0;
		};
		8B33D4FB244BFC800050258B /* Resources */ = {
			isa = PBXResourcesBuildPhase;
			buildActionMask = 2147483647;
			files = (
			);
			runOnlyForDeploymentPostprocessing = 0;
		};
		8B33D506244BFC800050258B /* Resources */ = {
			isa = PBXResourcesBuildPhase;
			buildActionMask = 2147483647;
			files = (
			);
			runOnlyForDeploymentPostprocessing = 0;
		};
/* End PBXResourcesBuildPhase section */

/* Begin PBXShellScriptBuildPhase section */
		0BDB4B75A2A65D6C994A76AB /* [CP] Embed Pods Frameworks */ = {
			isa = PBXShellScriptBuildPhase;
			buildActionMask = 2147483647;
			files = (
			);
			inputFileListPaths = (
				"${PODS_ROOT}/Target Support Files/Pods-RIBsTodo-RIBsTodoUITests/Pods-RIBsTodo-RIBsTodoUITests-frameworks-${CONFIGURATION}-input-files.xcfilelist",
			);
			name = "[CP] Embed Pods Frameworks";
			outputFileListPaths = (
				"${PODS_ROOT}/Target Support Files/Pods-RIBsTodo-RIBsTodoUITests/Pods-RIBsTodo-RIBsTodoUITests-frameworks-${CONFIGURATION}-output-files.xcfilelist",
			);
			runOnlyForDeploymentPostprocessing = 0;
			shellPath = /bin/sh;
			shellScript = "\"${PODS_ROOT}/Target Support Files/Pods-RIBsTodo-RIBsTodoUITests/Pods-RIBsTodo-RIBsTodoUITests-frameworks.sh\"\n";
			showEnvVarsInLog = 0;
		};
		159B0562E2FE75BE2DB3711A /* [CP] Check Pods Manifest.lock */ = {
			isa = PBXShellScriptBuildPhase;
			buildActionMask = 2147483647;
			files = (
			);
			inputFileListPaths = (
			);
			inputPaths = (
				"${PODS_PODFILE_DIR_PATH}/Podfile.lock",
				"${PODS_ROOT}/Manifest.lock",
			);
			name = "[CP] Check Pods Manifest.lock";
			outputFileListPaths = (
			);
			outputPaths = (
				"$(DERIVED_FILE_DIR)/Pods-RIBsTodo-checkManifestLockResult.txt",
			);
			runOnlyForDeploymentPostprocessing = 0;
			shellPath = /bin/sh;
			shellScript = "diff \"${PODS_PODFILE_DIR_PATH}/Podfile.lock\" \"${PODS_ROOT}/Manifest.lock\" > /dev/null\nif [ $? != 0 ] ; then\n    # print error to STDERR\n    echo \"error: The sandbox is not in sync with the Podfile.lock. Run 'pod install' or update your CocoaPods installation.\" >&2\n    exit 1\nfi\n# This output is used by Xcode 'outputs' to avoid re-running this script phase.\necho \"SUCCESS\" > \"${SCRIPT_OUTPUT_FILE_0}\"\n";
			showEnvVarsInLog = 0;
		};
		43A285FA81632F0E8AB41D18 /* [CP] Embed Pods Frameworks */ = {
			isa = PBXShellScriptBuildPhase;
			buildActionMask = 2147483647;
			files = (
			);
			inputFileListPaths = (
				"${PODS_ROOT}/Target Support Files/Pods-RIBsTodo/Pods-RIBsTodo-frameworks-${CONFIGURATION}-input-files.xcfilelist",
			);
			name = "[CP] Embed Pods Frameworks";
			outputFileListPaths = (
				"${PODS_ROOT}/Target Support Files/Pods-RIBsTodo/Pods-RIBsTodo-frameworks-${CONFIGURATION}-output-files.xcfilelist",
			);
			runOnlyForDeploymentPostprocessing = 0;
			shellPath = /bin/sh;
			shellScript = "\"${PODS_ROOT}/Target Support Files/Pods-RIBsTodo/Pods-RIBsTodo-frameworks.sh\"\n";
			showEnvVarsInLog = 0;
		};
		A5B2102BD6D56689CED721DC /* [CP] Check Pods Manifest.lock */ = {
			isa = PBXShellScriptBuildPhase;
			buildActionMask = 2147483647;
			files = (
			);
			inputFileListPaths = (
			);
			inputPaths = (
				"${PODS_PODFILE_DIR_PATH}/Podfile.lock",
				"${PODS_ROOT}/Manifest.lock",
			);
			name = "[CP] Check Pods Manifest.lock";
			outputFileListPaths = (
			);
			outputPaths = (
				"$(DERIVED_FILE_DIR)/Pods-RIBsTodoTests-checkManifestLockResult.txt",
			);
			runOnlyForDeploymentPostprocessing = 0;
			shellPath = /bin/sh;
			shellScript = "diff \"${PODS_PODFILE_DIR_PATH}/Podfile.lock\" \"${PODS_ROOT}/Manifest.lock\" > /dev/null\nif [ $? != 0 ] ; then\n    # print error to STDERR\n    echo \"error: The sandbox is not in sync with the Podfile.lock. Run 'pod install' or update your CocoaPods installation.\" >&2\n    exit 1\nfi\n# This output is used by Xcode 'outputs' to avoid re-running this script phase.\necho \"SUCCESS\" > \"${SCRIPT_OUTPUT_FILE_0}\"\n";
			showEnvVarsInLog = 0;
		};
		AB7947D8F7D6E6A62FD88B67 /* [CP] Embed Pods Frameworks */ = {
			isa = PBXShellScriptBuildPhase;
			buildActionMask = 2147483647;
			files = (
			);
			inputFileListPaths = (
				"${PODS_ROOT}/Target Support Files/Pods-RIBsTodoTests/Pods-RIBsTodoTests-frameworks-${CONFIGURATION}-input-files.xcfilelist",
			);
			name = "[CP] Embed Pods Frameworks";
			outputFileListPaths = (
				"${PODS_ROOT}/Target Support Files/Pods-RIBsTodoTests/Pods-RIBsTodoTests-frameworks-${CONFIGURATION}-output-files.xcfilelist",
			);
			runOnlyForDeploymentPostprocessing = 0;
			shellPath = /bin/sh;
			shellScript = "\"${PODS_ROOT}/Target Support Files/Pods-RIBsTodoTests/Pods-RIBsTodoTests-frameworks.sh\"\n";
			showEnvVarsInLog = 0;
		};
		D80D1FF955B4CA47F316F2BC /* [CP] Check Pods Manifest.lock */ = {
			isa = PBXShellScriptBuildPhase;
			buildActionMask = 2147483647;
			files = (
			);
			inputFileListPaths = (
			);
			inputPaths = (
				"${PODS_PODFILE_DIR_PATH}/Podfile.lock",
				"${PODS_ROOT}/Manifest.lock",
			);
			name = "[CP] Check Pods Manifest.lock";
			outputFileListPaths = (
			);
			outputPaths = (
				"$(DERIVED_FILE_DIR)/Pods-RIBsTodo-RIBsTodoUITests-checkManifestLockResult.txt",
			);
			runOnlyForDeploymentPostprocessing = 0;
			shellPath = /bin/sh;
			shellScript = "diff \"${PODS_PODFILE_DIR_PATH}/Podfile.lock\" \"${PODS_ROOT}/Manifest.lock\" > /dev/null\nif [ $? != 0 ] ; then\n    # print error to STDERR\n    echo \"error: The sandbox is not in sync with the Podfile.lock. Run 'pod install' or update your CocoaPods installation.\" >&2\n    exit 1\nfi\n# This output is used by Xcode 'outputs' to avoid re-running this script phase.\necho \"SUCCESS\" > \"${SCRIPT_OUTPUT_FILE_0}\"\n";
			showEnvVarsInLog = 0;
		};
/* End PBXShellScriptBuildPhase section */

/* Begin PBXSourcesBuildPhase section */
		8B33D4E5244BFC7D0050258B /* Sources */ = {
			isa = PBXSourcesBuildPhase;
			buildActionMask = 2147483647;
			files = (
				8BD5105B244C12210013BE9D /* RMTask.swift in Sources */,
				8BD5106F244C21B20013BE9D /* TaskCellReactor.swift in Sources */,
				8B62F453245F186C00F45DBB /* ViewControllable+Extension.swift in Sources */,
				8BD51051244C0A040013BE9D /* RootRouter.swift in Sources */,
				8B62F447245EFB2200F45DBB /* TaskEditingBuilder.swift in Sources */,
				8BD51072244C26230013BE9D /* TasksViewSection.swift in Sources */,
				8BD5104C244C09940013BE9D /* RootComponent+Tasks.swift in Sources */,
				8B62F43F245EF51400F45DBB /* RMTaskList.swift in Sources */,
				8B62F44A245EFD7900F45DBB /* AlertService.swift in Sources */,
				8B62F455245F228D00F45DBB /* Operators.swift in Sources */,
				8BD51074244C2E7A0013BE9D /* BaseViewController.swift in Sources */,
				8BD51054244C0A040013BE9D /* RootInteractor.swift in Sources */,
				8B62F446245EFB2200F45DBB /* TaskEditingViewController.swift in Sources */,
				8BD51052244C0A040013BE9D /* RootViewController.swift in Sources */,
				8B62F44F245F157300F45DBB /* ReplaceModalable.swift in Sources */,
				8B62F43A245ECA1F00F45DBB /* TaskRepository.swift in Sources */,
				8BD51060244C17730013BE9D /* TaskService.swift in Sources */,
				8B33D4ED244BFC7D0050258B /* AppDelegate.swift in Sources */,
				8BD51041244C05830013BE9D /* TasksInteractor.swift in Sources */,
				8B62F451245F168200F45DBB /* UINavigationController+ViewControllable.swift in Sources */,
				8B62F44C245F12AB00F45DBB /* TasksComponent+TaskEditing.swift in Sources */,
				8BD5105D244C12290013BE9D /* Task.swift in Sources */,
				8BD5103E244C05830013BE9D /* TasksRouter.swift in Sources */,
				8BD51057244C0DF70013BE9D /* Extensions.swift in Sources */,
				8BD51040244C05830013BE9D /* TasksBuilder.swift in Sources */,
				8BD5106A244C20DF0013BE9D /* TaskCell.swift in Sources */,
				8BD51053244C0A040013BE9D /* RootBuilder.swift in Sources */,
				8BD5106D244C21020013BE9D /* BaseTableCell.swift in Sources */,
				8BD5104A244C08470013BE9D /* AppComponent.swift in Sources */,
				8B62F445245EFB2200F45DBB /* TaskEditingRouter.swift in Sources */,
				8B62F448245EFB2200F45DBB /* TaskEditingInteractor.swift in Sources */,
				8BD5103F244C05830013BE9D /* TasksViewController.swift in Sources */,
			);
			runOnlyForDeploymentPostprocessing = 0;
		};
		8B33D4F9244BFC800050258B /* Sources */ = {
			isa = PBXSourcesBuildPhase;
			buildActionMask = 2147483647;
			files = (
				8BD51067244C1EC10013BE9D /* TaskServiceStub.swift in Sources */,
				8B33D502244BFC800050258B /* RIBsTodoTests.swift in Sources */,
				8BD51063244C1E080013BE9D /* TaskServiceSpec.swift in Sources */,
			);
			runOnlyForDeploymentPostprocessing = 0;
		};
		8B33D504244BFC800050258B /* Sources */ = {
			isa = PBXSourcesBuildPhase;
			buildActionMask = 2147483647;
			files = (
				8B33D50D244BFC800050258B /* RIBsTodoUITests.swift in Sources */,
			);
			runOnlyForDeploymentPostprocessing = 0;
		};
/* End PBXSourcesBuildPhase section */

/* Begin PBXTargetDependency section */
		8B33D4FF244BFC800050258B /* PBXTargetDependency */ = {
			isa = PBXTargetDependency;
			target = 8B33D4E8244BFC7D0050258B /* RIBsTodo */;
			targetProxy = 8B33D4FE244BFC800050258B /* PBXContainerItemProxy */;
		};
		8B33D50A244BFC800050258B /* PBXTargetDependency */ = {
			isa = PBXTargetDependency;
			target = 8B33D4E8244BFC7D0050258B /* RIBsTodo */;
			targetProxy = 8B33D509244BFC800050258B /* PBXContainerItemProxy */;
		};
/* End PBXTargetDependency section */

/* Begin PBXVariantGroup section */
		8B33D4F5244BFC800050258B /* LaunchScreen.storyboard */ = {
			isa = PBXVariantGroup;
			children = (
				8B33D4F6244BFC800050258B /* Base */,
			);
			name = LaunchScreen.storyboard;
			sourceTree = "<group>";
		};
/* End PBXVariantGroup section */

/* Begin XCBuildConfiguration section */
		8B33D50F244BFC800050258B /* Debug */ = {
			isa = XCBuildConfiguration;
			buildSettings = {
				ALWAYS_SEARCH_USER_PATHS = NO;
				CLANG_ANALYZER_NONNULL = YES;
				CLANG_ANALYZER_NUMBER_OBJECT_CONVERSION = YES_AGGRESSIVE;
				CLANG_CXX_LANGUAGE_STANDARD = "gnu++14";
				CLANG_CXX_LIBRARY = "libc++";
				CLANG_ENABLE_MODULES = YES;
				CLANG_ENABLE_OBJC_ARC = YES;
				CLANG_ENABLE_OBJC_WEAK = YES;
				CLANG_WARN_BLOCK_CAPTURE_AUTORELEASING = YES;
				CLANG_WARN_BOOL_CONVERSION = YES;
				CLANG_WARN_COMMA = YES;
				CLANG_WARN_CONSTANT_CONVERSION = YES;
				CLANG_WARN_DEPRECATED_OBJC_IMPLEMENTATIONS = YES;
				CLANG_WARN_DIRECT_OBJC_ISA_USAGE = YES_ERROR;
				CLANG_WARN_DOCUMENTATION_COMMENTS = YES;
				CLANG_WARN_EMPTY_BODY = YES;
				CLANG_WARN_ENUM_CONVERSION = YES;
				CLANG_WARN_INFINITE_RECURSION = YES;
				CLANG_WARN_INT_CONVERSION = YES;
				CLANG_WARN_NON_LITERAL_NULL_CONVERSION = YES;
				CLANG_WARN_OBJC_IMPLICIT_RETAIN_SELF = YES;
				CLANG_WARN_OBJC_LITERAL_CONVERSION = YES;
				CLANG_WARN_OBJC_ROOT_CLASS = YES_ERROR;
				CLANG_WARN_RANGE_LOOP_ANALYSIS = YES;
				CLANG_WARN_STRICT_PROTOTYPES = YES;
				CLANG_WARN_SUSPICIOUS_MOVE = YES;
				CLANG_WARN_UNGUARDED_AVAILABILITY = YES_AGGRESSIVE;
				CLANG_WARN_UNREACHABLE_CODE = YES;
				CLANG_WARN__DUPLICATE_METHOD_MATCH = YES;
				CODE_SIGN_IDENTITY = "iPhone Developer";
				COPY_PHASE_STRIP = NO;
				DEBUG_INFORMATION_FORMAT = dwarf;
				ENABLE_STRICT_OBJC_MSGSEND = YES;
				ENABLE_TESTABILITY = YES;
				GCC_C_LANGUAGE_STANDARD = gnu11;
				GCC_DYNAMIC_NO_PIC = NO;
				GCC_NO_COMMON_BLOCKS = YES;
				GCC_OPTIMIZATION_LEVEL = 0;
				GCC_PREPROCESSOR_DEFINITIONS = (
					"DEBUG=1",
					"$(inherited)",
				);
				GCC_WARN_64_TO_32_BIT_CONVERSION = YES;
				GCC_WARN_ABOUT_RETURN_TYPE = YES_ERROR;
				GCC_WARN_UNDECLARED_SELECTOR = YES;
				GCC_WARN_UNINITIALIZED_AUTOS = YES_AGGRESSIVE;
				GCC_WARN_UNUSED_FUNCTION = YES;
				GCC_WARN_UNUSED_VARIABLE = YES;
				IPHONEOS_DEPLOYMENT_TARGET = 12.2;
				MTL_ENABLE_DEBUG_INFO = INCLUDE_SOURCE;
				MTL_FAST_MATH = YES;
				ONLY_ACTIVE_ARCH = YES;
				SDKROOT = iphoneos;
				SWIFT_ACTIVE_COMPILATION_CONDITIONS = DEBUG;
				SWIFT_OPTIMIZATION_LEVEL = "-Onone";
			};
			name = Debug;
		};
		8B33D510244BFC800050258B /* Release */ = {
			isa = XCBuildConfiguration;
			buildSettings = {
				ALWAYS_SEARCH_USER_PATHS = NO;
				CLANG_ANALYZER_NONNULL = YES;
				CLANG_ANALYZER_NUMBER_OBJECT_CONVERSION = YES_AGGRESSIVE;
				CLANG_CXX_LANGUAGE_STANDARD = "gnu++14";
				CLANG_CXX_LIBRARY = "libc++";
				CLANG_ENABLE_MODULES = YES;
				CLANG_ENABLE_OBJC_ARC = YES;
				CLANG_ENABLE_OBJC_WEAK = YES;
				CLANG_WARN_BLOCK_CAPTURE_AUTORELEASING = YES;
				CLANG_WARN_BOOL_CONVERSION = YES;
				CLANG_WARN_COMMA = YES;
				CLANG_WARN_CONSTANT_CONVERSION = YES;
				CLANG_WARN_DEPRECATED_OBJC_IMPLEMENTATIONS = YES;
				CLANG_WARN_DIRECT_OBJC_ISA_USAGE = YES_ERROR;
				CLANG_WARN_DOCUMENTATION_COMMENTS = YES;
				CLANG_WARN_EMPTY_BODY = YES;
				CLANG_WARN_ENUM_CONVERSION = YES;
				CLANG_WARN_INFINITE_RECURSION = YES;
				CLANG_WARN_INT_CONVERSION = YES;
				CLANG_WARN_NON_LITERAL_NULL_CONVERSION = YES;
				CLANG_WARN_OBJC_IMPLICIT_RETAIN_SELF = YES;
				CLANG_WARN_OBJC_LITERAL_CONVERSION = YES;
				CLANG_WARN_OBJC_ROOT_CLASS = YES_ERROR;
				CLANG_WARN_RANGE_LOOP_ANALYSIS = YES;
				CLANG_WARN_STRICT_PROTOTYPES = YES;
				CLANG_WARN_SUSPICIOUS_MOVE = YES;
				CLANG_WARN_UNGUARDED_AVAILABILITY = YES_AGGRESSIVE;
				CLANG_WARN_UNREACHABLE_CODE = YES;
				CLANG_WARN__DUPLICATE_METHOD_MATCH = YES;
				CODE_SIGN_IDENTITY = "iPhone Developer";
				COPY_PHASE_STRIP = NO;
				DEBUG_INFORMATION_FORMAT = "dwarf-with-dsym";
				ENABLE_NS_ASSERTIONS = NO;
				ENABLE_STRICT_OBJC_MSGSEND = YES;
				GCC_C_LANGUAGE_STANDARD = gnu11;
				GCC_NO_COMMON_BLOCKS = YES;
				GCC_WARN_64_TO_32_BIT_CONVERSION = YES;
				GCC_WARN_ABOUT_RETURN_TYPE = YES_ERROR;
				GCC_WARN_UNDECLARED_SELECTOR = YES;
				GCC_WARN_UNINITIALIZED_AUTOS = YES_AGGRESSIVE;
				GCC_WARN_UNUSED_FUNCTION = YES;
				GCC_WARN_UNUSED_VARIABLE = YES;
				IPHONEOS_DEPLOYMENT_TARGET = 12.2;
				MTL_ENABLE_DEBUG_INFO = NO;
				MTL_FAST_MATH = YES;
				SDKROOT = iphoneos;
				SWIFT_COMPILATION_MODE = wholemodule;
				SWIFT_OPTIMIZATION_LEVEL = "-O";
				VALIDATE_PRODUCT = YES;
			};
			name = Release;
		};
		8B33D512244BFC800050258B /* Debug */ = {
			isa = XCBuildConfiguration;
			baseConfigurationReference = 4BA4820409888D30D53E7423 /* Pods-RIBsTodo.debug.xcconfig */;
			buildSettings = {
				ASSETCATALOG_COMPILER_APPICON_NAME = AppIcon;
				CODE_SIGN_STYLE = Automatic;
				INFOPLIST_FILE = RIBsTodo/Resources/Info.plist;
				IPHONEOS_DEPLOYMENT_TARGET = 13.1;
				LD_RUNPATH_SEARCH_PATHS = (
					"$(inherited)",
					"@executable_path/Frameworks",
				);
				PRODUCT_BUNDLE_IDENTIFIER = myunggison.RIBsTodo;
				PRODUCT_NAME = "$(TARGET_NAME)";
				SWIFT_VERSION = 5.0;
				TARGETED_DEVICE_FAMILY = "1,2";
			};
			name = Debug;
		};
		8B33D513244BFC800050258B /* Release */ = {
			isa = XCBuildConfiguration;
			baseConfigurationReference = 88A9121493DCE02FD83B50E6 /* Pods-RIBsTodo.release.xcconfig */;
			buildSettings = {
				ASSETCATALOG_COMPILER_APPICON_NAME = AppIcon;
				CODE_SIGN_STYLE = Automatic;
				INFOPLIST_FILE = RIBsTodo/Resources/Info.plist;
				IPHONEOS_DEPLOYMENT_TARGET = 13.1;
				LD_RUNPATH_SEARCH_PATHS = (
					"$(inherited)",
					"@executable_path/Frameworks",
				);
				PRODUCT_BUNDLE_IDENTIFIER = myunggison.RIBsTodo;
				PRODUCT_NAME = "$(TARGET_NAME)";
				SWIFT_VERSION = 5.0;
				TARGETED_DEVICE_FAMILY = "1,2";
			};
			name = Release;
		};
		8B33D515244BFC800050258B /* Debug */ = {
			isa = XCBuildConfiguration;
			baseConfigurationReference = 90297E37C615AE5EAEAB5493 /* Pods-RIBsTodoTests.debug.xcconfig */;
			buildSettings = {
				ALWAYS_EMBED_SWIFT_STANDARD_LIBRARIES = YES;
				BUNDLE_LOADER = "$(TEST_HOST)";
				CODE_SIGN_STYLE = Automatic;
				INFOPLIST_FILE = RIBsTodoTests/Info.plist;
				LD_RUNPATH_SEARCH_PATHS = (
					"$(inherited)",
					"@executable_path/Frameworks",
					"@loader_path/Frameworks",
				);
				PRODUCT_BUNDLE_IDENTIFIER = myunggison.RIBsTodoTests;
				PRODUCT_NAME = "$(TARGET_NAME)";
				SWIFT_VERSION = 5.0;
				TARGETED_DEVICE_FAMILY = "1,2";
				TEST_HOST = "$(BUILT_PRODUCTS_DIR)/RIBsTodo.app/RIBsTodo";
			};
			name = Debug;
		};
		8B33D516244BFC800050258B /* Release */ = {
			isa = XCBuildConfiguration;
			baseConfigurationReference = 0B4427BD5BC32C3386BFE043 /* Pods-RIBsTodoTests.release.xcconfig */;
			buildSettings = {
				ALWAYS_EMBED_SWIFT_STANDARD_LIBRARIES = YES;
				BUNDLE_LOADER = "$(TEST_HOST)";
				CODE_SIGN_STYLE = Automatic;
				INFOPLIST_FILE = RIBsTodoTests/Info.plist;
				LD_RUNPATH_SEARCH_PATHS = (
					"$(inherited)",
					"@executable_path/Frameworks",
					"@loader_path/Frameworks",
				);
				PRODUCT_BUNDLE_IDENTIFIER = myunggison.RIBsTodoTests;
				PRODUCT_NAME = "$(TARGET_NAME)";
				SWIFT_VERSION = 5.0;
				TARGETED_DEVICE_FAMILY = "1,2";
				TEST_HOST = "$(BUILT_PRODUCTS_DIR)/RIBsTodo.app/RIBsTodo";
			};
			name = Release;
		};
		8B33D518244BFC800050258B /* Debug */ = {
			isa = XCBuildConfiguration;
			baseConfigurationReference = 9809A308AF162A75A02FAAF9 /* Pods-RIBsTodo-RIBsTodoUITests.debug.xcconfig */;
			buildSettings = {
				ALWAYS_EMBED_SWIFT_STANDARD_LIBRARIES = YES;
				CODE_SIGN_STYLE = Automatic;
				INFOPLIST_FILE = RIBsTodoUITests/Info.plist;
				LD_RUNPATH_SEARCH_PATHS = (
					"$(inherited)",
					"@executable_path/Frameworks",
					"@loader_path/Frameworks",
				);
				PRODUCT_BUNDLE_IDENTIFIER = myunggison.RIBsTodoUITests;
				PRODUCT_NAME = "$(TARGET_NAME)";
				SWIFT_VERSION = 5.0;
				TARGETED_DEVICE_FAMILY = "1,2";
				TEST_TARGET_NAME = RIBsTodo;
			};
			name = Debug;
		};
		8B33D519244BFC800050258B /* Release */ = {
			isa = XCBuildConfiguration;
			baseConfigurationReference = F771477361B6055A0A336DBC /* Pods-RIBsTodo-RIBsTodoUITests.release.xcconfig */;
			buildSettings = {
				ALWAYS_EMBED_SWIFT_STANDARD_LIBRARIES = YES;
				CODE_SIGN_STYLE = Automatic;
				INFOPLIST_FILE = RIBsTodoUITests/Info.plist;
				LD_RUNPATH_SEARCH_PATHS = (
					"$(inherited)",
					"@executable_path/Frameworks",
					"@loader_path/Frameworks",
				);
				PRODUCT_BUNDLE_IDENTIFIER = myunggison.RIBsTodoUITests;
				PRODUCT_NAME = "$(TARGET_NAME)";
				SWIFT_VERSION = 5.0;
				TARGETED_DEVICE_FAMILY = "1,2";
				TEST_TARGET_NAME = RIBsTodo;
			};
			name = Release;
		};
/* End XCBuildConfiguration section */

/* Begin XCConfigurationList section */
		8B33D4E4244BFC7D0050258B /* Build configuration list for PBXProject "RIBsTodo" */ = {
			isa = XCConfigurationList;
			buildConfigurations = (
				8B33D50F244BFC800050258B /* Debug */,
				8B33D510244BFC800050258B /* Release */,
			);
			defaultConfigurationIsVisible = 0;
			defaultConfigurationName = Release;
		};
		8B33D511244BFC800050258B /* Build configuration list for PBXNativeTarget "RIBsTodo" */ = {
			isa = XCConfigurationList;
			buildConfigurations = (
				8B33D512244BFC800050258B /* Debug */,
				8B33D513244BFC800050258B /* Release */,
			);
			defaultConfigurationIsVisible = 0;
			defaultConfigurationName = Release;
		};
		8B33D514244BFC800050258B /* Build configuration list for PBXNativeTarget "RIBsTodoTests" */ = {
			isa = XCConfigurationList;
			buildConfigurations = (
				8B33D515244BFC800050258B /* Debug */,
				8B33D516244BFC800050258B /* Release */,
			);
			defaultConfigurationIsVisible = 0;
			defaultConfigurationName = Release;
		};
		8B33D517244BFC800050258B /* Build configuration list for PBXNativeTarget "RIBsTodoUITests" */ = {
			isa = XCConfigurationList;
			buildConfigurations = (
				8B33D518244BFC800050258B /* Debug */,
				8B33D519244BFC800050258B /* Release */,
			);
			defaultConfigurationIsVisible = 0;
			defaultConfigurationName = Release;
		};
/* End XCConfigurationList section */
	};
	rootObject = 8B33D4E1244BFC7D0050258B /* Project object */;
}
